// !$*UTF8*$!
{
	archiveVersion = 1;
	classes = {
	};
	objectVersion = 45;
	objects = {

/* Begin PBXBuildFile section */
		8B0202900ECB2AA700A6EB85 /* Security.framework in Frameworks */ = {isa = PBXBuildFile; fileRef = 8B02028F0ECB2AA700A6EB85 /* Security.framework */; };
		8B4A3EB00ED245F0006BFDD8 /* About.html in Resources */ = {isa = PBXBuildFile; fileRef = 8B4A3EAF0ED245F0006BFDD8 /* About.html */; };
		8B4A41B20ED31D25006BFDD8 /* com.github.osxfuse.OSXFUSE.plist in Resources */ = {isa = PBXBuildFile; fileRef = 8B4A41B10ED31D25006BFDD8 /* com.github.osxfuse.OSXFUSE.plist */; };
		8BE4F6370EDB2A2C0087B5C1 /* OSXFUSE_48x48.png in Resources */ = {isa = PBXBuildFile; fileRef = 8BE4F6360EDB2A2C0087B5C1 /* OSXFUSE_48x48.png */; };
		8BF53A230EE5AC3800D981A0 /* OSXFUSE.searchTerms in Resources */ = {isa = PBXBuildFile; fileRef = 8BF53A220EE5AC3800D981A0 /* OSXFUSE.searchTerms */; };
		8BF53A3F0EE5AD0300D981A0 /* OSXFUSE.icns in Resources */ = {isa = PBXBuildFile; fileRef = 8BE4F6390EDB2A300087B5C1 /* OSXFUSE.icns */; };
		8BF53A450EE5AD7600D981A0 /* OSXFUSEPref.xib in Resources */ = {isa = PBXBuildFile; fileRef = 8BF53A440EE5AD7600D981A0 /* OSXFUSEPref.xib */; };
		8D202CED0486D31800D8A456 /* InfoPlist.strings in Resources */ = {isa = PBXBuildFile; fileRef = 089C167DFE841241C02AAC07 /* InfoPlist.strings */; };
		8D202CF10486D31800D8A456 /* OSXFUSEPref.m in Sources */ = {isa = PBXBuildFile; fileRef = F506C03D013D9D7901CA16C8 /* OSXFUSEPref.m */; };
		8D202CF30486D31800D8A456 /* Cocoa.framework in Frameworks */ = {isa = PBXBuildFile; fileRef = 1058C7ADFEA557BF11CA2CBB /* Cocoa.framework */; };
		8D202CF40486D31800D8A456 /* PreferencePanes.framework in Frameworks */ = {isa = PBXBuildFile; fileRef = F506C035013D953901CA16C8 /* PreferencePanes.framework */; };
/* End PBXBuildFile section */

/* Begin PBXContainerItemProxy section */
		4390FAA31418020100E4CF8B /* PBXContainerItemProxy */ = {
			isa = PBXContainerItemProxy;
			containerPortal = 8BDF5DB30ECE8FD9006AF1EF /* autoinstaller.xcodeproj */;
			proxyType = 2;
			remoteGlobalIDString = F92468F10E3163D1004ADF93;
			remoteInfo = "Extensions Tests";
		};
		4390FAA51418020100E4CF8B /* PBXContainerItemProxy */ = {
			isa = PBXContainerItemProxy;
			containerPortal = 8BDF5DB30ECE8FD9006AF1EF /* autoinstaller.xcodeproj */;
			proxyType = 2;
			remoteGlobalIDString = F9246A200E3199F9004ADF93;
			remoteInfo = plist_signer;
		};
		4390FAA71418020100E4CF8B /* PBXContainerItemProxy */ = {
			isa = PBXContainerItemProxy;
			containerPortal = 8BDF5DB30ECE8FD9006AF1EF /* autoinstaller.xcodeproj */;
			proxyType = 2;
			remoteGlobalIDString = F931FE600E92D311009FB4B0;
			remoteInfo = "autoinstall-osxfuse-core";
		};
/* End PBXContainerItemProxy section */

/* Begin PBXCopyFilesBuildPhase section */
		8BDF5DD00ECE903A006AF1EF /* Copy Executables (2) */ = {
			isa = PBXCopyFilesBuildPhase;
			buildActionMask = 2147483647;
			dstPath = "";
			dstSubfolderSpec = 6;
			files = (
			);
			name = "Copy Executables (2)";
			runOnlyForDeploymentPostprocessing = 0;
		};
/* End PBXCopyFilesBuildPhase section */

/* Begin PBXFileReference section */
		089C1672FE841209C02AAC07 /* Foundation.framework */ = {isa = PBXFileReference; lastKnownFileType = wrapper.framework; name = Foundation.framework; path = /System/Library/Frameworks/Foundation.framework; sourceTree = "<absolute>"; };
		089C167EFE841241C02AAC07 /* English */ = {isa = PBXFileReference; fileEncoding = 10; lastKnownFileType = text.plist.strings; name = English; path = English.lproj/InfoPlist.strings; sourceTree = "<group>"; };
		089C167FFE841241C02AAC07 /* AppKit.framework */ = {isa = PBXFileReference; lastKnownFileType = wrapper.framework; name = AppKit.framework; path = /System/Library/Frameworks/AppKit.framework; sourceTree = "<absolute>"; };
		1058C7ADFEA557BF11CA2CBB /* Cocoa.framework */ = {isa = PBXFileReference; lastKnownFileType = wrapper.framework; name = Cocoa.framework; path = /System/Library/Frameworks/Cocoa.framework; sourceTree = "<absolute>"; };
		43DE3FF313B8FA4C00E764AD /* DebugSnowLeopardOrLater.xcconfig */ = {isa = PBXFileReference; lastKnownFileType = text.xcconfig; path = DebugSnowLeopardOrLater.xcconfig; sourceTree = "<group>"; };
		43DE3FF413B8FA4C00E764AD /* ReleaseSnowLeopardOrLater.xcconfig */ = {isa = PBXFileReference; lastKnownFileType = text.xcconfig; path = ReleaseSnowLeopardOrLater.xcconfig; sourceTree = "<group>"; };
		8B02028F0ECB2AA700A6EB85 /* Security.framework */ = {isa = PBXFileReference; lastKnownFileType = wrapper.framework; name = Security.framework; path = /System/Library/Frameworks/Security.framework; sourceTree = "<absolute>"; };
		8B449EF70ED379BC00E7026D /* LoadableBundle.xcconfig */ = {isa = PBXFileReference; fileEncoding = 4; lastKnownFileType = text.xcconfig; path = LoadableBundle.xcconfig; sourceTree = "<group>"; };
		8B449EFE0ED379BC00E7026D /* xcconfigs-readme.txt */ = {isa = PBXFileReference; fileEncoding = 4; lastKnownFileType = text; path = "xcconfigs-readme.txt"; sourceTree = "<group>"; };
		8B4A3DE40ED243EE006BFDD8 /* WebKit.framework */ = {isa = PBXFileReference; lastKnownFileType = wrapper.framework; name = WebKit.framework; path = /System/Library/Frameworks/WebKit.framework; sourceTree = "<absolute>"; };
		8B4A3EAD0ED245DA006BFDD8 /* English */ = {isa = PBXFileReference; fileEncoding = 4; lastKnownFileType = text.html; name = English; path = English.lproj/About.html; sourceTree = "<group>"; };
		8B4A41B10ED31D25006BFDD8 /* com.github.osxfuse.OSXFUSE.plist */ = {isa = PBXFileReference; fileEncoding = 4; lastKnownFileType = text.plist.xml; path = com.github.osxfuse.OSXFUSE.plist; sourceTree = "<group>"; };
		8B84BF200ED64D59003D9F0F /* GTMDefines.h */ = {isa = PBXFileReference; fileEncoding = 4; indentWidth = 2; lastKnownFileType = sourcecode.c.h; name = GTMDefines.h; path = "externals/google-toolbox-for-mac/GTMDefines.h"; sourceTree = SOURCE_ROOT; tabWidth = 2; usesTabs = 0; };
		8BDF5DB30ECE8FD9006AF1EF /* autoinstaller.xcodeproj */ = {isa = PBXFileReference; lastKnownFileType = "wrapper.pb-project"; name = autoinstaller.xcodeproj; path = autoinstaller/autoinstaller.xcodeproj; sourceTree = SOURCE_ROOT; };
		8BE4F6360EDB2A2C0087B5C1 /* OSXFUSE_48x48.png */ = {isa = PBXFileReference; lastKnownFileType = image.png; path = OSXFUSE_48x48.png; sourceTree = SOURCE_ROOT; };
		8BE4F6390EDB2A300087B5C1 /* OSXFUSE.icns */ = {isa = PBXFileReference; lastKnownFileType = image.icns; path = OSXFUSE.icns; sourceTree = "<group>"; };
		8BF53A200EE5AC2900D981A0 /* English */ = {isa = PBXFileReference; fileEncoding = 4; lastKnownFileType = text.xml; name = English; path = English.lproj/OSXFUSE.searchTerms; sourceTree = "<group>"; };
		8D202CF70486D31800D8A456 /* Info.plist */ = {isa = PBXFileReference; fileEncoding = 4; lastKnownFileType = text.plist; path = Info.plist; sourceTree = "<group>"; };
		8D202CF80486D31800D8A456 /* OSXFUSE.prefPane */ = {isa = PBXFileReference; explicitFileType = wrapper.cfbundle; includeInIndex = 0; path = OSXFUSE.prefPane; sourceTree = BUILT_PRODUCTS_DIR; };
		F506C035013D953901CA16C8 /* PreferencePanes.framework */ = {isa = PBXFileReference; lastKnownFileType = wrapper.framework; name = PreferencePanes.framework; path = /System/Library/Frameworks/PreferencePanes.framework; sourceTree = "<absolute>"; };
		F506C03C013D9D7901CA16C8 /* OSXFUSEPref.h */ = {isa = PBXFileReference; fileEncoding = 4; lastKnownFileType = sourcecode.c.h; path = OSXFUSEPref.h; sourceTree = "<group>"; };
		F506C03D013D9D7901CA16C8 /* OSXFUSEPref.m */ = {isa = PBXFileReference; fileEncoding = 4; lastKnownFileType = sourcecode.c.objc; path = OSXFUSEPref.m; sourceTree = "<group>"; };
		F506C043013D9D8C01CA16C8 /* English */ = {isa = PBXFileReference; lastKnownFileType = file.xib; name = English; path = English.lproj/OSXFUSEPref.xib; sourceTree = "<group>"; };
/* End PBXFileReference section */

/* Begin PBXFrameworksBuildPhase section */
		8D202CF20486D31800D8A456 /* Frameworks */ = {
			isa = PBXFrameworksBuildPhase;
			buildActionMask = 2147483647;
			files = (
				8D202CF30486D31800D8A456 /* Cocoa.framework in Frameworks */,
				8D202CF40486D31800D8A456 /* PreferencePanes.framework in Frameworks */,
				8B0202900ECB2AA700A6EB85 /* Security.framework in Frameworks */,
			);
			runOnlyForDeploymentPostprocessing = 0;
		};
/* End PBXFrameworksBuildPhase section */

/* Begin PBXGroup section */
		089C166AFE841209C02AAC07 /* MacFuse */ = {
			isa = PBXGroup;
			children = (
				8B449ED70ED379BC00E7026D /* externals */,
				8BDF5DB30ECE8FD9006AF1EF /* autoinstaller.xcodeproj */,
				08FB77AFFE84173DC02AAC07 /* Classes */,
				089C167CFE841241C02AAC07 /* Resources */,
				089C1671FE841209C02AAC07 /* Frameworks and Libraries */,
				19C28FB8FE9D52D311CA2CBB /* Products */,
			);
			name = MacFuse;
			sourceTree = "<group>";
		};
		089C1671FE841209C02AAC07 /* Frameworks and Libraries */ = {
			isa = PBXGroup;
			children = (
				8B4A3DE40ED243EE006BFDD8 /* WebKit.framework */,
				8B02028F0ECB2AA700A6EB85 /* Security.framework */,
				1058C7ACFEA557BF11CA2CBB /* Linked Frameworks */,
				1058C7AEFEA557BF11CA2CBB /* Other Frameworks */,
			);
			name = "Frameworks and Libraries";
			sourceTree = "<group>";
		};
		089C167CFE841241C02AAC07 /* Resources */ = {
			isa = PBXGroup;
			children = (
				8BE4F6360EDB2A2C0087B5C1 /* OSXFUSE_48x48.png */,
				8BE4F6390EDB2A300087B5C1 /* OSXFUSE.icns */,
				8B4A3EAF0ED245F0006BFDD8 /* About.html */,
				8B4A41B10ED31D25006BFDD8 /* com.github.osxfuse.OSXFUSE.plist */,
				8D202CF70486D31800D8A456 /* Info.plist */,
				8BF53A220EE5AC3800D981A0 /* OSXFUSE.searchTerms */,
				089C167DFE841241C02AAC07 /* InfoPlist.strings */,
				8BF53A440EE5AD7600D981A0 /* OSXFUSEPref.xib */,
			);
			name = Resources;
			sourceTree = "<group>";
		};
		08FB77AFFE84173DC02AAC07 /* Classes */ = {
			isa = PBXGroup;
			children = (
				8B84BF200ED64D59003D9F0F /* GTMDefines.h */,
				F506C03C013D9D7901CA16C8 /* OSXFUSEPref.h */,
				F506C03D013D9D7901CA16C8 /* OSXFUSEPref.m */,
			);
			name = Classes;
			sourceTree = "<group>";
		};
		1058C7ACFEA557BF11CA2CBB /* Linked Frameworks */ = {
			isa = PBXGroup;
			children = (
				1058C7ADFEA557BF11CA2CBB /* Cocoa.framework */,
				F506C035013D953901CA16C8 /* PreferencePanes.framework */,
			);
			name = "Linked Frameworks";
			sourceTree = "<group>";
		};
		1058C7AEFEA557BF11CA2CBB /* Other Frameworks */ = {
			isa = PBXGroup;
			children = (
				089C1672FE841209C02AAC07 /* Foundation.framework */,
				089C167FFE841241C02AAC07 /* AppKit.framework */,
			);
			name = "Other Frameworks";
			sourceTree = "<group>";
		};
		19C28FB8FE9D52D311CA2CBB /* Products */ = {
			isa = PBXGroup;
			children = (
				8D202CF80486D31800D8A456 /* OSXFUSE.prefPane */,
			);
			name = Products;
			sourceTree = "<group>";
		};
		4390FA9D1418020100E4CF8B /* Products */ = {
			isa = PBXGroup;
			children = (
				4390FAA41418020100E4CF8B /* Extensions Tests.octest */,
				4390FAA61418020100E4CF8B /* plist_signer */,
				4390FAA81418020100E4CF8B /* autoinstall-osxfuse-core */,
			);
			name = Products;
			sourceTree = "<group>";
		};
		8B449ED70ED379BC00E7026D /* externals */ = {
			isa = PBXGroup;
			children = (
				8B449ED80ED379BC00E7026D /* google-toolbox-for-mac */,
			);
			path = externals;
			sourceTree = "<group>";
		};
		8B449ED80ED379BC00E7026D /* google-toolbox-for-mac */ = {
			isa = PBXGroup;
			children = (
				8B449ED90ED379BC00E7026D /* XcodeConfig */,
			);
			path = "google-toolbox-for-mac";
			sourceTree = "<group>";
		};
		8B449ED90ED379BC00E7026D /* XcodeConfig */ = {
			isa = PBXGroup;
			children = (
				8B449EDA0ED379BC00E7026D /* Project */,
				8B449EF50ED379BC00E7026D /* Target */,
				8B449EFE0ED379BC00E7026D /* xcconfigs-readme.txt */,
			);
			path = XcodeConfig;
			sourceTree = "<group>";
		};
		8B449EDA0ED379BC00E7026D /* Project */ = {
			isa = PBXGroup;
			children = (
				43DE3FF413B8FA4C00E764AD /* ReleaseSnowLeopardOrLater.xcconfig */,
				43DE3FF313B8FA4C00E764AD /* DebugSnowLeopardOrLater.xcconfig */,
			);
			path = Project;
			sourceTree = "<group>";
		};
		8B449EF50ED379BC00E7026D /* Target */ = {
			isa = PBXGroup;
			children = (
				8B449EF70ED379BC00E7026D /* LoadableBundle.xcconfig */,
			);
			path = Target;
			sourceTree = "<group>";
		};
/* End PBXGroup section */

/* Begin PBXNativeTarget section */
		8D202CE80486D31800D8A456 /* OSXFUSE */ = {
			isa = PBXNativeTarget;
			buildConfigurationList = 1DBD214808BA80EA00186707 /* Build configuration list for PBXNativeTarget "OSXFUSE" */;
			buildPhases = (
				8D202CEC0486D31800D8A456 /* Resources */,
				8BDF5DD00ECE903A006AF1EF /* Copy Executables (2) */,
				8D202CF00486D31800D8A456 /* Sources */,
				8D202CF20486D31800D8A456 /* Frameworks */,
				8D202CF50486D31800D8A456 /* Rez */,
			);
			buildRules = (
			);
			dependencies = (
			);
			name = OSXFUSE;
			productInstallPath = "$(HOME)/Library/PreferencePanes";
			productName = MacFuse;
			productReference = 8D202CF80486D31800D8A456 /* OSXFUSE.prefPane */;
			productType = "com.apple.product-type.bundle";
		};
/* End PBXNativeTarget section */

/* Begin PBXProject section */
		089C1669FE841209C02AAC07 /* Project object */ = {
			isa = PBXProject;
			attributes = {
				LastUpgradeCheck = 0510;
			};
			buildConfigurationList = 1DBD214C08BA80EA00186707 /* Build configuration list for PBXProject "OSXFUSEPref" */;
			compatibilityVersion = "Xcode 3.1";
			developmentRegion = English;
			hasScannedForEncodings = 1;
			knownRegions = (
				en,
			);
			mainGroup = 089C166AFE841209C02AAC07 /* MacFuse */;
			projectDirPath = "";
			projectReferences = (
				{
					ProductGroup = 4390FA9D1418020100E4CF8B /* Products */;
					ProjectRef = 8BDF5DB30ECE8FD9006AF1EF /* autoinstaller.xcodeproj */;
				},
			);
			projectRoot = "";
			targets = (
				8D202CE80486D31800D8A456 /* OSXFUSE */,
			);
		};
/* End PBXProject section */

/* Begin PBXReferenceProxy section */
		4390FAA41418020100E4CF8B /* Extensions Tests.octest */ = {
			isa = PBXReferenceProxy;
			fileType = wrapper.cfbundle;
			path = "Extensions Tests.octest";
			remoteRef = 4390FAA31418020100E4CF8B /* PBXContainerItemProxy */;
			sourceTree = BUILT_PRODUCTS_DIR;
		};
		4390FAA61418020100E4CF8B /* plist_signer */ = {
			isa = PBXReferenceProxy;
			fileType = "compiled.mach-o.executable";
			path = plist_signer;
			remoteRef = 4390FAA51418020100E4CF8B /* PBXContainerItemProxy */;
			sourceTree = BUILT_PRODUCTS_DIR;
		};
		4390FAA81418020100E4CF8B /* autoinstall-osxfuse-core */ = {
			isa = PBXReferenceProxy;
			fileType = "compiled.mach-o.executable";
			path = "autoinstall-osxfuse-core";
			remoteRef = 4390FAA71418020100E4CF8B /* PBXContainerItemProxy */;
			sourceTree = BUILT_PRODUCTS_DIR;
		};
/* End PBXReferenceProxy section */

/* Begin PBXResourcesBuildPhase section */
		8D202CEC0486D31800D8A456 /* Resources */ = {
			isa = PBXResourcesBuildPhase;
			buildActionMask = 2147483647;
			files = (
				8D202CED0486D31800D8A456 /* InfoPlist.strings in Resources */,
				8BF53A450EE5AD7600D981A0 /* OSXFUSEPref.xib in Resources */,
				8B4A3EB00ED245F0006BFDD8 /* About.html in Resources */,
				8B4A41B20ED31D25006BFDD8 /* com.github.osxfuse.OSXFUSE.plist in Resources */,
				8BE4F6370EDB2A2C0087B5C1 /* OSXFUSE_48x48.png in Resources */,
				8BF53A3F0EE5AD0300D981A0 /* OSXFUSE.icns in Resources */,
				8BF53A230EE5AC3800D981A0 /* OSXFUSE.searchTerms in Resources */,
			);
			runOnlyForDeploymentPostprocessing = 0;
		};
/* End PBXResourcesBuildPhase section */

/* Begin PBXRezBuildPhase section */
		8D202CF50486D31800D8A456 /* Rez */ = {
			isa = PBXRezBuildPhase;
			buildActionMask = 2147483647;
			files = (
			);
			runOnlyForDeploymentPostprocessing = 0;
		};
/* End PBXRezBuildPhase section */

/* Begin PBXSourcesBuildPhase section */
		8D202CF00486D31800D8A456 /* Sources */ = {
			isa = PBXSourcesBuildPhase;
			buildActionMask = 2147483647;
			files = (
				8D202CF10486D31800D8A456 /* OSXFUSEPref.m in Sources */,
			);
			runOnlyForDeploymentPostprocessing = 0;
		};
/* End PBXSourcesBuildPhase section */

/* Begin PBXVariantGroup section */
		089C167DFE841241C02AAC07 /* InfoPlist.strings */ = {
			isa = PBXVariantGroup;
			children = (
				089C167EFE841241C02AAC07 /* English */,
			);
			name = InfoPlist.strings;
			sourceTree = "<group>";
		};
		8B4A3EAF0ED245F0006BFDD8 /* About.html */ = {
			isa = PBXVariantGroup;
			children = (
				8B4A3EAD0ED245DA006BFDD8 /* English */,
			);
			name = About.html;
			sourceTree = "<group>";
		};
		8BF53A220EE5AC3800D981A0 /* OSXFUSE.searchTerms */ = {
			isa = PBXVariantGroup;
			children = (
				8BF53A200EE5AC2900D981A0 /* English */,
			);
			name = OSXFUSE.searchTerms;
			sourceTree = "<group>";
		};
		8BF53A440EE5AD7600D981A0 /* OSXFUSEPref.xib */ = {
			isa = PBXVariantGroup;
			children = (
				F506C043013D9D8C01CA16C8 /* English */,
			);
			name = OSXFUSEPref.xib;
			sourceTree = "<group>";
		};
/* End PBXVariantGroup section */

/* Begin XCBuildConfiguration section */
		1DBD214908BA80EA00186707 /* Debug */ = {
			isa = XCBuildConfiguration;
			baseConfigurationReference = 8B449EF70ED379BC00E7026D /* LoadableBundle.xcconfig */;
			buildSettings = {
				GCC_PREFIX_HEADER = OSXFUSEPref_Prefix.pch;
				INFOPLIST_FILE = Info.plist;
				PRODUCT_NAME = OSXFUSE;
				WRAPPER_EXTENSION = prefPane;
			};
			name = Debug;
		};
		1DBD214A08BA80EA00186707 /* Release */ = {
			isa = XCBuildConfiguration;
			baseConfigurationReference = 8B449EF70ED379BC00E7026D /* LoadableBundle.xcconfig */;
			buildSettings = {
				GCC_PREFIX_HEADER = OSXFUSEPref_Prefix.pch;
				INFOPLIST_FILE = Info.plist;
				PRODUCT_NAME = OSXFUSE;
				WRAPPER_EXTENSION = prefPane;
			};
			name = Release;
		};
		1DBD214D08BA80EA00186707 /* Debug */ = {
			isa = XCBuildConfiguration;
			baseConfigurationReference = 43DE3FF313B8FA4C00E764AD /* DebugSnowLeopardOrLater.xcconfig */;
			buildSettings = {
				ARCHS = "$(ARCHS_STANDARD)";
				GCC_ENABLE_OBJC_GC = unsupported;
				"GCC_ENABLE_OBJC_GC[sdk=macosx10.5]" = supported;
				"GCC_ENABLE_OBJC_GC[sdk=macosx10.6]" = supported;
				"GCC_ENABLE_OBJC_GC[sdk=macosx10.7]" = supported;
				GCC_TREAT_WARNINGS_AS_ERRORS = NO;
				GCC_VERSION = "";
				GTM_GENERAL_WARNING_CFLAGS1 = "-Wall -Wendif-labels -Winvalid-pch -Wformat -Wmissing-format-attribute -Wwrite-strings -Wstack-protector -Wstrict-aliasing=2";
				MACOSX_DEPLOYMENT_TARGET = "";
				OSXFUSE_VERSION = 3.0.0;
				SDKROOT = macosx;
			};
			name = Debug;
		};
		1DBD214E08BA80EA00186707 /* Release */ = {
			isa = XCBuildConfiguration;
			baseConfigurationReference = 43DE3FF413B8FA4C00E764AD /* ReleaseSnowLeopardOrLater.xcconfig */;
			buildSettings = {
				ARCHS = "$(ARCHS_STANDARD)";
				GCC_ENABLE_OBJC_GC = unsupported;
				"GCC_ENABLE_OBJC_GC[sdk=macosx10.5]" = supported;
				"GCC_ENABLE_OBJC_GC[sdk=macosx10.6]" = supported;
				"GCC_ENABLE_OBJC_GC[sdk=macosx10.7]" = supported;
				GCC_TREAT_WARNINGS_AS_ERRORS = NO;
				GCC_VERSION = "";
				GTM_GENERAL_WARNING_CFLAGS1 = "-Wall -Wendif-labels -Winvalid-pch -Wformat -Wmissing-format-attribute -Wwrite-strings -Wstack-protector -Wstrict-aliasing=2";
				MACOSX_DEPLOYMENT_TARGET = "";
				OSXFUSE_VERSION = 3.0.0;
				SDKROOT = macosx;
			};
			name = Release;
		};
/* End XCBuildConfiguration section */

/* Begin XCConfigurationList section */
		1DBD214808BA80EA00186707 /* Build configuration list for PBXNativeTarget "OSXFUSE" */ = {
			isa = XCConfigurationList;
			buildConfigurations = (
				1DBD214908BA80EA00186707 /* Debug */,
				1DBD214A08BA80EA00186707 /* Release */,
			);
			defaultConfigurationIsVisible = 0;
			defaultConfigurationName = Release;
		};
		1DBD214C08BA80EA00186707 /* Build configuration list for PBXProject "OSXFUSEPref" */ = {
			isa = XCConfigurationList;
			buildConfigurations = (
				1DBD214D08BA80EA00186707 /* Debug */,
				1DBD214E08BA80EA00186707 /* Release */,
			);
			defaultConfigurationIsVisible = 0;
			defaultConfigurationName = Release;
		};
/* End XCConfigurationList section */
	};
	rootObject = 089C1669FE841209C02AAC07 /* Project object */;
}
